
Microsoft Visual Studio Solution File, Format Version 12.00
# Visual Studio Version 16
VisualStudioVersion = 16.0.29020.237
MinimumVisualStudioVersion = 10.0.40219.1
Project("{FAE04EC0-301F-11D3-BF4B-00C04F79EFBC}") = "BitmapTransSample", "BitmapTransSample\BitmapTransSample.csproj", "{80EB5C5D-1A1D-4473-B78E-854840AA0A31}"
EndProject
Global
	GlobalSection(SolutionConfigurationPlatforms) = preSolution
		Debug|Any CPU = Debug|Any CPU
		Release|Any CPU = Release|Any CPU
	EndGlobalSection
	GlobalSection(ProjectConfigurationPlatforms) = postSolution
		{80EB5C5D-1A1D-4473-B78E-854840AA0A31}.Debug|Any CPU.ActiveCfg = Debug|Any CPU
		{80EB5C5D-1A1D-4473-B78E-854840AA0A31}.Debug|Any CPU.Build.0 = Debug|Any CPU
		{80EB5C5D-1A1D-4473-B78E-854840AA0A31}.Release|Any CPU.ActiveCfg = Release|Any CPU
		{80EB5C5D-1A1D-4473-B78E-854840AA0A31}.Release|Any CPU.Build.0 = Release|Any CPU
	EndGlobalSection
	GlobalSection(SolutionProperties) = preSolution
		HideSolutionNode = FALSE
	EndGlobalSection
	GlobalSection(ExtensibilityGlobals) = postSolution
		SolutionGuid = {1EC81641-47CB-4C85-9082-A566CEB203F7}
	EndGlobalSection
EndGlobal
