
Microsoft Visual Studio Solution File, Format Version 12.00
# Visual Studio Version 17
VisualStudioVersion = 17.2.32630.192
MinimumVisualStudioVersion = 10.0.40219.1
Project("{FAE04EC0-301F-11D3-BF4B-00C04F79EFBC}") = "BitmapTransSample", "BitmapTransSample\BitmapTransSample.csproj", "{80EB5C5D-1A1D-4473-B78E-854840AA0A31}"
EndProject
Project("{FAE04EC0-301F-11D3-BF4B-00C04F79EFBC}") = "SimpleDrow", "SimpleDrow\SimpleDrow.csproj", "{8587AF14-C3BC-44DA-8183-530FAFA0300D}"
EndProject
Project("{FAE04EC0-301F-11D3-BF4B-00C04F79EFBC}") = "SimpleSample", "SimpleSample\SimpleSample.csproj", "{FFCE8C79-9652-4F1D-BC3D-1CA6B38A65F4}"
EndProject
Project("{FAE04EC0-301F-11D3-BF4B-00C04F79EFBC}") = "GraphClassLibrary", "GraphClassLibrary\GraphClassLibrary.csproj", "{5BDD8D22-804B-47A5-9663-5783EC4264CA}"
EndProject
Global
	GlobalSection(SolutionConfigurationPlatforms) = preSolution
		Debug|Any CPU = Debug|Any CPU
		Release|Any CPU = Release|Any CPU
	EndGlobalSection
	GlobalSection(ProjectConfigurationPlatforms) = postSolution
		{80EB5C5D-1A1D-4473-B78E-854840AA0A31}.Debug|Any CPU.ActiveCfg = Debug|Any CPU
		{80EB5C5D-1A1D-4473-B78E-854840AA0A31}.Debug|Any CPU.Build.0 = Debug|Any CPU
		{80EB5C5D-1A1D-4473-B78E-854840AA0A31}.Release|Any CPU.ActiveCfg = Release|Any CPU
		{80EB5C5D-1A1D-4473-B78E-854840AA0A31}.Release|Any CPU.Build.0 = Release|Any CPU
		{8587AF14-C3BC-44DA-8183-530FAFA0300D}.Debug|Any CPU.ActiveCfg = Debug|Any CPU
		{8587AF14-C3BC-44DA-8183-530FAFA0300D}.Debug|Any CPU.Build.0 = Debug|Any CPU
		{8587AF14-C3BC-44DA-8183-530FAFA0300D}.Release|Any CPU.ActiveCfg = Release|Any CPU
		{8587AF14-C3BC-44DA-8183-530FAFA0300D}.Release|Any CPU.Build.0 = Release|Any CPU
		{FFCE8C79-9652-4F1D-BC3D-1CA6B38A65F4}.Debug|Any CPU.ActiveCfg = Debug|Any CPU
		{FFCE8C79-9652-4F1D-BC3D-1CA6B38A65F4}.Debug|Any CPU.Build.0 = Debug|Any CPU
		{FFCE8C79-9652-4F1D-BC3D-1CA6B38A65F4}.Release|Any CPU.ActiveCfg = Release|Any CPU
		{FFCE8C79-9652-4F1D-BC3D-1CA6B38A65F4}.Release|Any CPU.Build.0 = Release|Any CPU
		{5BDD8D22-804B-47A5-9663-5783EC4264CA}.Debug|Any CPU.ActiveCfg = Debug|Any CPU
		{5BDD8D22-804B-47A5-9663-5783EC4264CA}.Debug|Any CPU.Build.0 = Debug|Any CPU
		{5BDD8D22-804B-47A5-9663-5783EC4264CA}.Release|Any CPU.ActiveCfg = Release|Any CPU
		{5BDD8D22-804B-47A5-9663-5783EC4264CA}.Release|Any CPU.Build.0 = Release|Any CPU
	EndGlobalSection
	GlobalSection(SolutionProperties) = preSolution
		HideSolutionNode = FALSE
	EndGlobalSection
	GlobalSection(ExtensibilityGlobals) = postSolution
		SolutionGuid = {1EC81641-47CB-4C85-9082-A566CEB203F7}
	EndGlobalSection
EndGlobal
